
Microsoft Visual Studio Solution File, Format Version 12.00
# Visual Studio 15
VisualStudioVersion = 15.0.26124.0
MinimumVisualStudioVersion = 15.0.26124.0
Project("{2150E333-8FDC-42A3-9474-1A3956D46DE8}") = "src", "src", "{27814B4E-DA95-4FCA-9E74-A4115DF10DFF}"
EndProject
Project("{FAE04EC0-301F-11D3-BF4B-00C04F79EFBC}") = "Regulations.Gov.Archiver", "src\Regulations.Gov.Archiver\Regulations.Gov.Archiver.csproj", "{DD75F726-C04A-4A38-907B-928C35ACCCC5}"
EndProject
Project("{FAE04EC0-301F-11D3-BF4B-00C04F79EFBC}") = "Regulations.Gov.Downloader", "src\Regulations.Gov.Downloader\Regulations.Gov.Downloader.csproj", "{7A4A6D04-A08B-4495-AFA5-FBC31E3E8E15}"
EndProject
Project("{FAE04EC0-301F-11D3-BF4B-00C04F79EFBC}") = "Regulations.Gov.Ingester", "src\Regulations.Gov.Ingester\Regulations.Gov.Ingester.csproj", "{5F7535CA-A6AE-41B5-ACB3-2BEB0A257705}"
EndProject
Project("{FAE04EC0-301F-11D3-BF4B-00C04F79EFBC}") = "Google", "src\Google\Google.csproj", "{FF94C738-1E2F-4979-BB67-6CCFBB962691}"
EndProject
Global
	GlobalSection(SolutionConfigurationPlatforms) = preSolution
		Debug|Any CPU = Debug|Any CPU
		Debug|x64 = Debug|x64
		Debug|x86 = Debug|x86
		Release|Any CPU = Release|Any CPU
		Release|x64 = Release|x64
		Release|x86 = Release|x86
	EndGlobalSection
	GlobalSection(SolutionProperties) = preSolution
		HideSolutionNode = FALSE
	EndGlobalSection
	GlobalSection(ProjectConfigurationPlatforms) = postSolution
		{DD75F726-C04A-4A38-907B-928C35ACCCC5}.Debug|Any CPU.ActiveCfg = Debug|Any CPU
		{DD75F726-C04A-4A38-907B-928C35ACCCC5}.Debug|Any CPU.Build.0 = Debug|Any CPU
		{DD75F726-C04A-4A38-907B-928C35ACCCC5}.Debug|x64.ActiveCfg = Debug|x64
		{DD75F726-C04A-4A38-907B-928C35ACCCC5}.Debug|x64.Build.0 = Debug|x64
		{DD75F726-C04A-4A38-907B-928C35ACCCC5}.Debug|x86.ActiveCfg = Debug|x86
		{DD75F726-C04A-4A38-907B-928C35ACCCC5}.Debug|x86.Build.0 = Debug|x86
		{DD75F726-C04A-4A38-907B-928C35ACCCC5}.Release|Any CPU.ActiveCfg = Release|Any CPU
		{DD75F726-C04A-4A38-907B-928C35ACCCC5}.Release|Any CPU.Build.0 = Release|Any CPU
		{DD75F726-C04A-4A38-907B-928C35ACCCC5}.Release|x64.ActiveCfg = Release|x64
		{DD75F726-C04A-4A38-907B-928C35ACCCC5}.Release|x64.Build.0 = Release|x64
		{DD75F726-C04A-4A38-907B-928C35ACCCC5}.Release|x86.ActiveCfg = Release|x86
		{DD75F726-C04A-4A38-907B-928C35ACCCC5}.Release|x86.Build.0 = Release|x86
		{7A4A6D04-A08B-4495-AFA5-FBC31E3E8E15}.Debug|Any CPU.ActiveCfg = Debug|Any CPU
		{7A4A6D04-A08B-4495-AFA5-FBC31E3E8E15}.Debug|Any CPU.Build.0 = Debug|Any CPU
		{7A4A6D04-A08B-4495-AFA5-FBC31E3E8E15}.Debug|x64.ActiveCfg = Debug|x64
		{7A4A6D04-A08B-4495-AFA5-FBC31E3E8E15}.Debug|x64.Build.0 = Debug|x64
		{7A4A6D04-A08B-4495-AFA5-FBC31E3E8E15}.Debug|x86.ActiveCfg = Debug|x86
		{7A4A6D04-A08B-4495-AFA5-FBC31E3E8E15}.Debug|x86.Build.0 = Debug|x86
		{7A4A6D04-A08B-4495-AFA5-FBC31E3E8E15}.Release|Any CPU.ActiveCfg = Release|Any CPU
		{7A4A6D04-A08B-4495-AFA5-FBC31E3E8E15}.Release|Any CPU.Build.0 = Release|Any CPU
		{7A4A6D04-A08B-4495-AFA5-FBC31E3E8E15}.Release|x64.ActiveCfg = Release|x64
		{7A4A6D04-A08B-4495-AFA5-FBC31E3E8E15}.Release|x64.Build.0 = Release|x64
		{7A4A6D04-A08B-4495-AFA5-FBC31E3E8E15}.Release|x86.ActiveCfg = Release|x86
		{7A4A6D04-A08B-4495-AFA5-FBC31E3E8E15}.Release|x86.Build.0 = Release|x86
		{5F7535CA-A6AE-41B5-ACB3-2BEB0A257705}.Debug|Any CPU.ActiveCfg = Debug|Any CPU
		{5F7535CA-A6AE-41B5-ACB3-2BEB0A257705}.Debug|Any CPU.Build.0 = Debug|Any CPU
		{5F7535CA-A6AE-41B5-ACB3-2BEB0A257705}.Debug|x64.ActiveCfg = Debug|x64
		{5F7535CA-A6AE-41B5-ACB3-2BEB0A257705}.Debug|x64.Build.0 = Debug|x64
		{5F7535CA-A6AE-41B5-ACB3-2BEB0A257705}.Debug|x86.ActiveCfg = Debug|x86
		{5F7535CA-A6AE-41B5-ACB3-2BEB0A257705}.Debug|x86.Build.0 = Debug|x86
		{5F7535CA-A6AE-41B5-ACB3-2BEB0A257705}.Release|Any CPU.ActiveCfg = Release|Any CPU
		{5F7535CA-A6AE-41B5-ACB3-2BEB0A257705}.Release|Any CPU.Build.0 = Release|Any CPU
		{5F7535CA-A6AE-41B5-ACB3-2BEB0A257705}.Release|x64.ActiveCfg = Release|x64
		{5F7535CA-A6AE-41B5-ACB3-2BEB0A257705}.Release|x64.Build.0 = Release|x64
		{5F7535CA-A6AE-41B5-ACB3-2BEB0A257705}.Release|x86.ActiveCfg = Release|x86
		{5F7535CA-A6AE-41B5-ACB3-2BEB0A257705}.Release|x86.Build.0 = Release|x86
		{FF94C738-1E2F-4979-BB67-6CCFBB962691}.Debug|Any CPU.ActiveCfg = Debug|Any CPU
		{FF94C738-1E2F-4979-BB67-6CCFBB962691}.Debug|Any CPU.Build.0 = Debug|Any CPU
		{FF94C738-1E2F-4979-BB67-6CCFBB962691}.Debug|x64.ActiveCfg = Debug|x64
		{FF94C738-1E2F-4979-BB67-6CCFBB962691}.Debug|x64.Build.0 = Debug|x64
		{FF94C738-1E2F-4979-BB67-6CCFBB962691}.Debug|x86.ActiveCfg = Debug|x86
		{FF94C738-1E2F-4979-BB67-6CCFBB962691}.Debug|x86.Build.0 = Debug|x86
		{FF94C738-1E2F-4979-BB67-6CCFBB962691}.Release|Any CPU.ActiveCfg = Release|Any CPU
		{FF94C738-1E2F-4979-BB67-6CCFBB962691}.Release|Any CPU.Build.0 = Release|Any CPU
		{FF94C738-1E2F-4979-BB67-6CCFBB962691}.Release|x64.ActiveCfg = Release|x64
		{FF94C738-1E2F-4979-BB67-6CCFBB962691}.Release|x64.Build.0 = Release|x64
		{FF94C738-1E2F-4979-BB67-6CCFBB962691}.Release|x86.ActiveCfg = Release|x86
		{FF94C738-1E2F-4979-BB67-6CCFBB962691}.Release|x86.Build.0 = Release|x86
	EndGlobalSection
	GlobalSection(NestedProjects) = preSolution
		{DD75F726-C04A-4A38-907B-928C35ACCCC5} = {27814B4E-DA95-4FCA-9E74-A4115DF10DFF}
		{7A4A6D04-A08B-4495-AFA5-FBC31E3E8E15} = {27814B4E-DA95-4FCA-9E74-A4115DF10DFF}
		{5F7535CA-A6AE-41B5-ACB3-2BEB0A257705} = {27814B4E-DA95-4FCA-9E74-A4115DF10DFF}
		{FF94C738-1E2F-4979-BB67-6CCFBB962691} = {27814B4E-DA95-4FCA-9E74-A4115DF10DFF}
	EndGlobalSection
EndGlobal
